
Microsoft Visual Studio Solution File, Format Version 12.00
Project("{FAE04EC0-301F-11D3-BF4B-00C04F79EFBC}") = "MatrixOperations.App", "MatrixOperations.App\MatrixOperations.App.csproj", "{63287EEA-E4B1-41F8-97D8-FA72F193D353}"
EndProject
Project("{FAE04EC0-301F-11D3-BF4B-00C04F79EFBC}") = "MatrixOperations.DAL", "MatrixOperations.DAL\MatrixOperations.DAL.csproj", "{B49A569C-85C0-4A78-992F-EB209A1AB521}"
EndProject
Project("{FAE04EC0-301F-11D3-BF4B-00C04F79EFBC}") = "MatrixOperations.Domain", "MatrixOperations.Domain\MatrixOperations.Domain.csproj", "{57A42452-BE96-499B-B4EB-2ED62096CB38}"
EndProject
Project("{FAE04EC0-301F-11D3-BF4B-00C04F79EFBC}") = "MatrixOperations.UnitTests", "MatrixOperations.UnitTests\MatrixOperations.UnitTests.csproj", "{9A72B7E3-6192-43C1-A818-B7CB74B3F051}"
EndProject
Global
	GlobalSection(SolutionConfigurationPlatforms) = preSolution
		Debug|Any CPU = Debug|Any CPU
		Release|Any CPU = Release|Any CPU
	EndGlobalSection
	GlobalSection(ProjectConfigurationPlatforms) = postSolution
		{63287EEA-E4B1-41F8-97D8-FA72F193D353}.Debug|Any CPU.ActiveCfg = Debug|Any CPU
		{63287EEA-E4B1-41F8-97D8-FA72F193D353}.Debug|Any CPU.Build.0 = Debug|Any CPU
		{63287EEA-E4B1-41F8-97D8-FA72F193D353}.Release|Any CPU.ActiveCfg = Release|Any CPU
		{63287EEA-E4B1-41F8-97D8-FA72F193D353}.Release|Any CPU.Build.0 = Release|Any CPU
		{B49A569C-85C0-4A78-992F-EB209A1AB521}.Debug|Any CPU.ActiveCfg = Debug|Any CPU
		{B49A569C-85C0-4A78-992F-EB209A1AB521}.Debug|Any CPU.Build.0 = Debug|Any CPU
		{B49A569C-85C0-4A78-992F-EB209A1AB521}.Release|Any CPU.ActiveCfg = Release|Any CPU
		{B49A569C-85C0-4A78-992F-EB209A1AB521}.Release|Any CPU.Build.0 = Release|Any CPU
		{57A42452-BE96-499B-B4EB-2ED62096CB38}.Debug|Any CPU.ActiveCfg = Debug|Any CPU
		{57A42452-BE96-499B-B4EB-2ED62096CB38}.Debug|Any CPU.Build.0 = Debug|Any CPU
		{57A42452-BE96-499B-B4EB-2ED62096CB38}.Release|Any CPU.ActiveCfg = Release|Any CPU
		{57A42452-BE96-499B-B4EB-2ED62096CB38}.Release|Any CPU.Build.0 = Release|Any CPU
		{9A72B7E3-6192-43C1-A818-B7CB74B3F051}.Debug|Any CPU.ActiveCfg = Debug|Any CPU
		{9A72B7E3-6192-43C1-A818-B7CB74B3F051}.Debug|Any CPU.Build.0 = Debug|Any CPU
		{9A72B7E3-6192-43C1-A818-B7CB74B3F051}.Release|Any CPU.ActiveCfg = Release|Any CPU
		{9A72B7E3-6192-43C1-A818-B7CB74B3F051}.Release|Any CPU.Build.0 = Release|Any CPU
	EndGlobalSection
EndGlobal
